
Microsoft Visual Studio Solution File, Format Version 12.00
# Visual Studio Version 16
VisualStudioVersion = 16.0.31205.134
MinimumVisualStudioVersion = 10.0.40219.1
Project("{FAE04EC0-301F-11D3-BF4B-00C04F79EFBC}") = "HighSchoolWeb", "HighSchoolWeb\HighSchoolWeb.csproj", "{99B4E656-D393-4177-9267-69CF6D04F210}"
EndProject
Global
	GlobalSection(SolutionConfigurationPlatforms) = preSolution
		Debug|Any CPU = Debug|Any CPU
		Release|Any CPU = Release|Any CPU
	EndGlobalSection
	GlobalSection(ProjectConfigurationPlatforms) = postSolution
		{99B4E656-D393-4177-9267-69CF6D04F210}.Debug|Any CPU.ActiveCfg = Debug|Any CPU
		{99B4E656-D393-4177-9267-69CF6D04F210}.Debug|Any CPU.Build.0 = Debug|Any CPU
		{99B4E656-D393-4177-9267-69CF6D04F210}.Release|Any CPU.ActiveCfg = Release|Any CPU
		{99B4E656-D393-4177-9267-69CF6D04F210}.Release|Any CPU.Build.0 = Release|Any CPU
	EndGlobalSection
	GlobalSection(SolutionProperties) = preSolution
		HideSolutionNode = FALSE
	EndGlobalSection
	GlobalSection(ExtensibilityGlobals) = postSolution
		SolutionGuid = {0D86653A-443A-4DB9-A167-18AB7FC29A85}
	EndGlobalSection
EndGlobal
